
Microsoft Visual Studio Solution File, Format Version 12.00
# Visual Studio 15
VisualStudioVersion = 15.0.28307.421
MinimumVisualStudioVersion = 10.0.40219.1
Project("{FAE04EC0-301F-11D3-BF4B-00C04F79EFBC}") = "ArgPerm", "ArgPerm\ArgPerm.csproj", "{708DF326-9B66-4DAF-93A1-49DD0AB9494E}"
EndProject
Global
	GlobalSection(SolutionConfigurationPlatforms) = preSolution
		Debug|Any CPU = Debug|Any CPU
		Release|Any CPU = Release|Any CPU
	EndGlobalSection
	GlobalSection(ProjectConfigurationPlatforms) = postSolution
		{708DF326-9B66-4DAF-93A1-49DD0AB9494E}.Debug|Any CPU.ActiveCfg = Debug|Any CPU
		{708DF326-9B66-4DAF-93A1-49DD0AB9494E}.Debug|Any CPU.Build.0 = Debug|Any CPU
		{708DF326-9B66-4DAF-93A1-49DD0AB9494E}.Release|Any CPU.ActiveCfg = Release|Any CPU
		{708DF326-9B66-4DAF-93A1-49DD0AB9494E}.Release|Any CPU.Build.0 = Release|Any CPU
	EndGlobalSection
	GlobalSection(SolutionProperties) = preSolution
		HideSolutionNode = FALSE
	EndGlobalSection
	GlobalSection(ExtensibilityGlobals) = postSolution
		SolutionGuid = {6138C821-7250-4E28-81B0-6C00BB4320E0}
	EndGlobalSection
EndGlobal
