
Microsoft Visual Studio Solution File, Format Version 12.00
# Visual Studio 15
VisualStudioVersion = 15.0.28307.421
MinimumVisualStudioVersion = 10.0.40219.1
Project("{FAE04EC0-301F-11D3-BF4B-00C04F79EFBC}") = "ArgPerm_liveView", "Tests\ArgPerm_liveView.csproj", "{18621699-E07F-483E-AFFC-B7177411D29B}"
EndProject
Project("{FAE04EC0-301F-11D3-BF4B-00C04F79EFBC}") = "ArgPerm", "ArgPerm\ArgPerm.csproj", "{BB8D4A00-93EC-44CE-966A-81465F949A9C}"
EndProject
Project("{FAE04EC0-301F-11D3-BF4B-00C04F79EFBC}") = "ArgPermDeamon", "ArgPermDeamon\ArgPermDeamon.csproj", "{731BCD86-EA0A-4DFD-AF9D-D279957CA9C1}"
EndProject
Global
	GlobalSection(SolutionConfigurationPlatforms) = preSolution
		Debug|Any CPU = Debug|Any CPU
		Release|Any CPU = Release|Any CPU
	EndGlobalSection
	GlobalSection(ProjectConfigurationPlatforms) = postSolution
		{18621699-E07F-483E-AFFC-B7177411D29B}.Debug|Any CPU.ActiveCfg = Debug|Any CPU
		{18621699-E07F-483E-AFFC-B7177411D29B}.Debug|Any CPU.Build.0 = Debug|Any CPU
		{18621699-E07F-483E-AFFC-B7177411D29B}.Release|Any CPU.ActiveCfg = Release|Any CPU
		{18621699-E07F-483E-AFFC-B7177411D29B}.Release|Any CPU.Build.0 = Release|Any CPU
		{BB8D4A00-93EC-44CE-966A-81465F949A9C}.Debug|Any CPU.ActiveCfg = Debug|Any CPU
		{BB8D4A00-93EC-44CE-966A-81465F949A9C}.Debug|Any CPU.Build.0 = Debug|Any CPU
		{BB8D4A00-93EC-44CE-966A-81465F949A9C}.Release|Any CPU.ActiveCfg = Release|Any CPU
		{BB8D4A00-93EC-44CE-966A-81465F949A9C}.Release|Any CPU.Build.0 = Release|Any CPU
		{731BCD86-EA0A-4DFD-AF9D-D279957CA9C1}.Debug|Any CPU.ActiveCfg = Debug|Any CPU
		{731BCD86-EA0A-4DFD-AF9D-D279957CA9C1}.Debug|Any CPU.Build.0 = Debug|Any CPU
		{731BCD86-EA0A-4DFD-AF9D-D279957CA9C1}.Release|Any CPU.ActiveCfg = Release|Any CPU
		{731BCD86-EA0A-4DFD-AF9D-D279957CA9C1}.Release|Any CPU.Build.0 = Release|Any CPU
	EndGlobalSection
	GlobalSection(SolutionProperties) = preSolution
		HideSolutionNode = FALSE
	EndGlobalSection
	GlobalSection(ExtensibilityGlobals) = postSolution
		SolutionGuid = {6138C821-7250-4E28-81B0-6C00BB4320E0}
	EndGlobalSection
EndGlobal
